{
  "pins" : [
    {
      "identity" : "inputbaraccessoryview",
      "kind" : "remoteSourceControl",
      "location" : "https://gitee.com/liuda6/InputBarAccessoryView.git",
      "state" : {
        "revision" : "e5da8c5e3c6ff2740ec2b721dd71e2cf24053001",
        "version" : "6.1.0"
      }
    },
    {
      "identity" : "messagekit",
      "kind" : "remoteSourceControl",
      "location" : "https://gitee.com/liuda6/MessageKit.git",
      "state" : {
        "revision" : "f3f61ebbc9c56533700c2e7b5742682849cc314d",
        "version" : "4.0.0"
      }
    },
    {
      "identity" : "openaikit",
      "kind" : "remoteSourceControl",
      "location" : "https://gitee.com/liuda6/OpenAIKit.git",
      "state" : {
        "revision" : "9e718bc33f10bc0c0524ae140be6a89651c4ea3d",
        "version" : "1.2.0"
      }
    },
    {
      "identity" : "snapkit",
      "kind" : "remoteSourceControl",
      "location" : "https://gitee.com/liuda6/SnapKit.git",
      "state" : {
        "revision" : "f222cbdf325885926566172f6f5f06af95473158",
        "version" : "5.6.0"
      }
    }
  ],
  "version" : 2
}
